
Microsoft Visual Studio Solution File, Format Version 12.00
# Visual Studio Version 16
VisualStudioVersion = 16.0.31624.102
MinimumVisualStudioVersion = 10.0.40219.1
Project("{FAE04EC0-301F-11D3-BF4B-00C04F79EFBC}") = "Zaytseva.Lab2.Exersise2", "Zaytseva.Lab2.Exersise2.csproj", "{34501857-DCA1-4568-90D9-D5703A153E61}"
EndProject
Global
	GlobalSection(SolutionConfigurationPlatforms) = preSolution
		Debug|Any CPU = Debug|Any CPU
		Release|Any CPU = Release|Any CPU
	EndGlobalSection
	GlobalSection(ProjectConfigurationPlatforms) = postSolution
		{34501857-DCA1-4568-90D9-D5703A153E61}.Debug|Any CPU.ActiveCfg = Debug|Any CPU
		{34501857-DCA1-4568-90D9-D5703A153E61}.Debug|Any CPU.Build.0 = Debug|Any CPU
		{34501857-DCA1-4568-90D9-D5703A153E61}.Release|Any CPU.ActiveCfg = Release|Any CPU
		{34501857-DCA1-4568-90D9-D5703A153E61}.Release|Any CPU.Build.0 = Release|Any CPU
	EndGlobalSection
	GlobalSection(SolutionProperties) = preSolution
		HideSolutionNode = FALSE
	EndGlobalSection
	GlobalSection(ExtensibilityGlobals) = postSolution
		SolutionGuid = {D2F45D24-63F4-45A7-A7F1-E7527FAAD3D2}
	EndGlobalSection
EndGlobal
