
Microsoft Visual Studio Solution File, Format Version 12.00
# Visual Studio Version 16
VisualStudioVersion = 16.0.31624.102
MinimumVisualStudioVersion = 10.0.40219.1
Project("{FAE04EC0-301F-11D3-BF4B-00C04F79EFBC}") = "Zaytseva.Lab2.Exersise1", "Zaytseva.Lab2.Exersise1.csproj", "{7B52C6A7-1272-4FEB-AF12-F76EDDF52BF6}"
EndProject
Global
	GlobalSection(SolutionConfigurationPlatforms) = preSolution
		Debug|Any CPU = Debug|Any CPU
		Release|Any CPU = Release|Any CPU
	EndGlobalSection
	GlobalSection(ProjectConfigurationPlatforms) = postSolution
		{7B52C6A7-1272-4FEB-AF12-F76EDDF52BF6}.Debug|Any CPU.ActiveCfg = Debug|Any CPU
		{7B52C6A7-1272-4FEB-AF12-F76EDDF52BF6}.Debug|Any CPU.Build.0 = Debug|Any CPU
		{7B52C6A7-1272-4FEB-AF12-F76EDDF52BF6}.Release|Any CPU.ActiveCfg = Release|Any CPU
		{7B52C6A7-1272-4FEB-AF12-F76EDDF52BF6}.Release|Any CPU.Build.0 = Release|Any CPU
	EndGlobalSection
	GlobalSection(SolutionProperties) = preSolution
		HideSolutionNode = FALSE
	EndGlobalSection
	GlobalSection(ExtensibilityGlobals) = postSolution
		SolutionGuid = {C2932D51-CD2E-43E4-8A5C-C18F68D3FAE1}
	EndGlobalSection
EndGlobal
